
Microsoft Visual Studio Solution File, Format Version 12.00
# Visual Studio Version 17
VisualStudioVersion = 17.0.32014.148
MinimumVisualStudioVersion = 10.0.40219.1
Project("{FAE04EC0-301F-11D3-BF4B-00C04F79EFBC}") = "lab 4", "lab 4\lab 4.csproj", "{4BB73BBB-6E61-4921-A0B0-0A316F1DDE07}"
EndProject
Global
	GlobalSection(SolutionConfigurationPlatforms) = preSolution
		Debug|Any CPU = Debug|Any CPU
		Release|Any CPU = Release|Any CPU
	EndGlobalSection
	GlobalSection(ProjectConfigurationPlatforms) = postSolution
		{4BB73BBB-6E61-4921-A0B0-0A316F1DDE07}.Debug|Any CPU.ActiveCfg = Debug|Any CPU
		{4BB73BBB-6E61-4921-A0B0-0A316F1DDE07}.Debug|Any CPU.Build.0 = Debug|Any CPU
		{4BB73BBB-6E61-4921-A0B0-0A316F1DDE07}.Release|Any CPU.ActiveCfg = Release|Any CPU
		{4BB73BBB-6E61-4921-A0B0-0A316F1DDE07}.Release|Any CPU.Build.0 = Release|Any CPU
	EndGlobalSection
	GlobalSection(SolutionProperties) = preSolution
		HideSolutionNode = FALSE
	EndGlobalSection
	GlobalSection(ExtensibilityGlobals) = postSolution
		SolutionGuid = {D061CE84-1DF5-4A25-882A-5134ACEC397E}
	EndGlobalSection
EndGlobal
